
Microsoft Visual Studio Solution File, Format Version 12.00
# Visual Studio 15
VisualStudioVersion = 15.0.27130.2024
MinimumVisualStudioVersion = 10.0.40219.1
Project("{FAE04EC0-301F-11D3-BF4B-00C04F79EFBC}") = "CommAsst17in18for172", "CommAsst17in18for172\CommAsst17in18for172.csproj", "{6B920787-9931-498A-934E-FAD10A62C135}"
EndProject
Global
	GlobalSection(SolutionConfigurationPlatforms) = preSolution
		Debug|Any CPU = Debug|Any CPU
		Release|Any CPU = Release|Any CPU
	EndGlobalSection
	GlobalSection(ProjectConfigurationPlatforms) = postSolution
		{6B920787-9931-498A-934E-FAD10A62C135}.Debug|Any CPU.ActiveCfg = Debug|Any CPU
		{6B920787-9931-498A-934E-FAD10A62C135}.Debug|Any CPU.Build.0 = Debug|Any CPU
		{6B920787-9931-498A-934E-FAD10A62C135}.Release|Any CPU.ActiveCfg = Release|Any CPU
		{6B920787-9931-498A-934E-FAD10A62C135}.Release|Any CPU.Build.0 = Release|Any CPU
	EndGlobalSection
	GlobalSection(SolutionProperties) = preSolution
		HideSolutionNode = FALSE
	EndGlobalSection
	GlobalSection(ExtensibilityGlobals) = postSolution
		SolutionGuid = {742EE563-0B89-4979-9CC6-1212E0BA8AA3}
	EndGlobalSection
EndGlobal
